
Microsoft Visual Studio Solution File, Format Version 12.00
# Visual Studio Version 16
VisualStudioVersion = 16.0.33801.447
MinimumVisualStudioVersion = 10.0.40219.1
Project("{FAE04EC0-301F-11D3-BF4B-00C04F79EFBC}") = "ISS_BTL", "ISS_BTL\ISS_BTL.csproj", "{081776EC-9ED2-4020-AD67-CDA3AF0D0CA1}"
EndProject
Global
	GlobalSection(SolutionConfigurationPlatforms) = preSolution
		Debug|Any CPU = Debug|Any CPU
		Release|Any CPU = Release|Any CPU
	EndGlobalSection
	GlobalSection(ProjectConfigurationPlatforms) = postSolution
		{081776EC-9ED2-4020-AD67-CDA3AF0D0CA1}.Debug|Any CPU.ActiveCfg = Debug|Any CPU
		{081776EC-9ED2-4020-AD67-CDA3AF0D0CA1}.Debug|Any CPU.Build.0 = Debug|Any CPU
		{081776EC-9ED2-4020-AD67-CDA3AF0D0CA1}.Release|Any CPU.ActiveCfg = Release|Any CPU
		{081776EC-9ED2-4020-AD67-CDA3AF0D0CA1}.Release|Any CPU.Build.0 = Release|Any CPU
	EndGlobalSection
	GlobalSection(SolutionProperties) = preSolution
		HideSolutionNode = FALSE
	EndGlobalSection
	GlobalSection(ExtensibilityGlobals) = postSolution
		SolutionGuid = {F4145FDB-D8E7-4C69-98A7-DB544DB81C89}
	EndGlobalSection
EndGlobal
